
Microsoft Visual Studio Solution File, Format Version 12.00
# Visual Studio 2013
Project("{FAE04EC0-301F-11D3-BF4B-00C04F79EFBC}") = "UnityVS.DamageControlPrototype.CSharp", "UnityVS.DamageControlPrototype.CSharp.csproj", "{8F3DEDC6-964D-0BEE-36EC-E6CA6E2ED70B}"
EndProject
Project("{FAE04EC0-301F-11D3-BF4B-00C04F79EFBC}") = "UnityVS.DamageControlPrototype.CSharp.Editor", "UnityVS.DamageControlPrototype.CSharp.Editor.csproj", "{650CCEE3-3B35-A932-4228-4250A1A70C4B}"
EndProject
Global
	GlobalSection(SolutionConfigurationPlatforms) = preSolution
		Debug|Any CPU = Debug|Any CPU
		Release|Any CPU = Release|Any CPU
	EndGlobalSection
	GlobalSection(ProjectConfigurationPlatforms) = postSolution
		{8F3DEDC6-964D-0BEE-36EC-E6CA6E2ED70B}.Debug|Any CPU.ActiveCfg = Debug|Any CPU
		{8F3DEDC6-964D-0BEE-36EC-E6CA6E2ED70B}.Debug|Any CPU.Build.0 = Debug|Any CPU
		{8F3DEDC6-964D-0BEE-36EC-E6CA6E2ED70B}.Release|Any CPU.ActiveCfg = Release|Any CPU
		{8F3DEDC6-964D-0BEE-36EC-E6CA6E2ED70B}.Release|Any CPU.Build.0 = Release|Any CPU
		{650CCEE3-3B35-A932-4228-4250A1A70C4B}.Debug|Any CPU.ActiveCfg = Debug|Any CPU
		{650CCEE3-3B35-A932-4228-4250A1A70C4B}.Debug|Any CPU.Build.0 = Debug|Any CPU
		{650CCEE3-3B35-A932-4228-4250A1A70C4B}.Release|Any CPU.ActiveCfg = Release|Any CPU
		{650CCEE3-3B35-A932-4228-4250A1A70C4B}.Release|Any CPU.Build.0 = Release|Any CPU
	EndGlobalSection
	GlobalSection(SolutionProperties) = preSolution
		HideSolutionNode = FALSE
	EndGlobalSection
EndGlobal
